
Microsoft Visual Studio Solution File, Format Version 12.00
# Visual Studio Express 14 for Windows Desktop
VisualStudioVersion = 14.0.25420.1
MinimumVisualStudioVersion = 10.0.40219.1
Project("{FAE04EC0-301F-11D3-BF4B-00C04F79EFBC}") = "AbstractSanitaryModel", "AbstractSanitaryModel\AbstractSanitaryModel.csproj", "{740EBAF5-DD59-4DEF-9439-3F917EADDD4D}"
EndProject
Project("{FAE04EC0-301F-11D3-BF4B-00C04F79EFBC}") = "AbstractSanitaryService", "AbstractSanitaryService\AbstractSanitaryService.csproj", "{46869855-877C-44C1-9B80-47F9FBAC215D}"
EndProject
Project("{FAE04EC0-301F-11D3-BF4B-00C04F79EFBC}") = "AbstractSanitaryView", "AbstractSanitaryView\AbstractSanitaryView.csproj", "{14017263-BE25-48AA-BB1C-CA232A738ED3}"
EndProject
Global
	GlobalSection(SolutionConfigurationPlatforms) = preSolution
		Debug|Any CPU = Debug|Any CPU
		Release|Any CPU = Release|Any CPU
	EndGlobalSection
	GlobalSection(ProjectConfigurationPlatforms) = postSolution
		{740EBAF5-DD59-4DEF-9439-3F917EADDD4D}.Debug|Any CPU.ActiveCfg = Debug|Any CPU
		{740EBAF5-DD59-4DEF-9439-3F917EADDD4D}.Debug|Any CPU.Build.0 = Debug|Any CPU
		{740EBAF5-DD59-4DEF-9439-3F917EADDD4D}.Release|Any CPU.ActiveCfg = Release|Any CPU
		{740EBAF5-DD59-4DEF-9439-3F917EADDD4D}.Release|Any CPU.Build.0 = Release|Any CPU
		{46869855-877C-44C1-9B80-47F9FBAC215D}.Debug|Any CPU.ActiveCfg = Debug|Any CPU
		{46869855-877C-44C1-9B80-47F9FBAC215D}.Debug|Any CPU.Build.0 = Debug|Any CPU
		{46869855-877C-44C1-9B80-47F9FBAC215D}.Release|Any CPU.ActiveCfg = Release|Any CPU
		{46869855-877C-44C1-9B80-47F9FBAC215D}.Release|Any CPU.Build.0 = Release|Any CPU
		{14017263-BE25-48AA-BB1C-CA232A738ED3}.Debug|Any CPU.ActiveCfg = Debug|Any CPU
		{14017263-BE25-48AA-BB1C-CA232A738ED3}.Debug|Any CPU.Build.0 = Debug|Any CPU
		{14017263-BE25-48AA-BB1C-CA232A738ED3}.Release|Any CPU.ActiveCfg = Release|Any CPU
		{14017263-BE25-48AA-BB1C-CA232A738ED3}.Release|Any CPU.Build.0 = Release|Any CPU
	EndGlobalSection
	GlobalSection(SolutionProperties) = preSolution
		HideSolutionNode = FALSE
	EndGlobalSection
EndGlobal
